// !$*UTF8*$!
{
	archiveVersion = 1;
	classes = {
	};
	objectVersion = 46;
	objects = {

/* Begin PBXBuildFile section */
		578F89A81BF2FE1F00A620AD /* BusinessLogicLayer.framework in Frameworks */ = {isa = PBXBuildFile; fileRef = 578F899C1BF2FE1F00A620AD /* BusinessLogicLayer.framework */; };
		578F89AF1BF2FE1F00A620AD /* BusinessLogicLayerTests.m in Sources */ = {isa = PBXBuildFile; fileRef = 578F89AE1BF2FE1F00A620AD /* BusinessLogicLayerTests.m */; };
		578F89BA1BF2FE4C00A620AD /* NoteBL.h in Headers */ = {isa = PBXBuildFile; fileRef = 578F89B81BF2FE4C00A620AD /* NoteBL.h */; settings = {ATTRIBUTES = (Public, ); }; };
		578F89BB1BF2FE4C00A620AD /* NoteBL.m in Sources */ = {isa = PBXBuildFile; fileRef = 578F89B91BF2FE4C00A620AD /* NoteBL.m */; };
		578F89C11BF323D000A620AD /* PersistenceLayer.framework in Frameworks */ = {isa = PBXBuildFile; fileRef = 578F89C01BF323D000A620AD /* PersistenceLayer.framework */; };
/* End PBXBuildFile section */

/* Begin PBXContainerItemProxy section */
		578F89A91BF2FE1F00A620AD /* PBXContainerItemProxy */ = {
			isa = PBXContainerItemProxy;
			containerPortal = 578F89931BF2FE1F00A620AD /* Project object */;
			proxyType = 1;
			remoteGlobalIDString = 578F899B1BF2FE1F00A620AD;
			remoteInfo = BusinessLogicLayer;
		};
/* End PBXContainerItemProxy section */

/* Begin PBXFileReference section */
		578F899C1BF2FE1F00A620AD /* BusinessLogicLayer.framework */ = {isa = PBXFileReference; explicitFileType = wrapper.framework; includeInIndex = 0; path = BusinessLogicLayer.framework; sourceTree = BUILT_PRODUCTS_DIR; };
		578F89A01BF2FE1F00A620AD /* Info.plist */ = {isa = PBXFileReference; lastKnownFileType = text.plist.xml; path = Info.plist; sourceTree = "<group>"; };
		578F89A71BF2FE1F00A620AD /* BusinessLogicLayerTests.xctest */ = {isa = PBXFileReference; explicitFileType = wrapper.cfbundle; includeInIndex = 0; path = BusinessLogicLayerTests.xctest; sourceTree = BUILT_PRODUCTS_DIR; };
		578F89AD1BF2FE1F00A620AD /* Info.plist */ = {isa = PBXFileReference; lastKnownFileType = text.plist.xml; path = Info.plist; sourceTree = "<group>"; };
		578F89AE1BF2FE1F00A620AD /* BusinessLogicLayerTests.m */ = {isa = PBXFileReference; lastKnownFileType = sourcecode.c.objc; path = BusinessLogicLayerTests.m; sourceTree = "<group>"; };
		578F89B81BF2FE4C00A620AD /* NoteBL.h */ = {isa = PBXFileReference; fileEncoding = 4; lastKnownFileType = sourcecode.c.h; path = NoteBL.h; sourceTree = "<group>"; };
		578F89B91BF2FE4C00A620AD /* NoteBL.m */ = {isa = PBXFileReference; fileEncoding = 4; lastKnownFileType = sourcecode.c.objc; path = NoteBL.m; sourceTree = "<group>"; };
		578F89C01BF323D000A620AD /* PersistenceLayer.framework */ = {isa = PBXFileReference; lastKnownFileType = wrapper.framework; name = PersistenceLayer.framework; path = "../PersistenceLayer/build/Debug-iphoneos/PersistenceLayer.framework"; sourceTree = "<group>"; };
/* End PBXFileReference section */

/* Begin PBXFrameworksBuildPhase section */
		578F89981BF2FE1F00A620AD /* Frameworks */ = {
			isa = PBXFrameworksBuildPhase;
			buildActionMask = 2147483647;
			files = (
				578F89C11BF323D000A620AD /* PersistenceLayer.framework in Frameworks */,
			);
			runOnlyForDeploymentPostprocessing = 0;
		};
		578F89A41BF2FE1F00A620AD /* Frameworks */ = {
			isa = PBXFrameworksBuildPhase;
			buildActionMask = 2147483647;
			files = (
				578F89A81BF2FE1F00A620AD /* BusinessLogicLayer.framework in Frameworks */,
			);
			runOnlyForDeploymentPostprocessing = 0;
		};
/* End PBXFrameworksBuildPhase section */

/* Begin PBXGroup section */
		578F89921BF2FE1F00A620AD = {
			isa = PBXGroup;
			children = (
				578F89C01BF323D000A620AD /* PersistenceLayer.framework */,
				578F899E1BF2FE1F00A620AD /* BusinessLogicLayer */,
				578F89AB1BF2FE1F00A620AD /* BusinessLogicLayerTests */,
				578F899D1BF2FE1F00A620AD /* Products */,
			);
			sourceTree = "<group>";
		};
		578F899D1BF2FE1F00A620AD /* Products */ = {
			isa = PBXGroup;
			children = (
				578F899C1BF2FE1F00A620AD /* BusinessLogicLayer.framework */,
				578F89A71BF2FE1F00A620AD /* BusinessLogicLayerTests.xctest */,
			);
			name = Products;
			sourceTree = "<group>";
		};
		578F899E1BF2FE1F00A620AD /* BusinessLogicLayer */ = {
			isa = PBXGroup;
			children = (
				578F89B81BF2FE4C00A620AD /* NoteBL.h */,
				578F89B91BF2FE4C00A620AD /* NoteBL.m */,
				578F899F1BF2FE1F00A620AD /* Supporting Files */,
			);
			path = BusinessLogicLayer;
			sourceTree = "<group>";
		};
		578F899F1BF2FE1F00A620AD /* Supporting Files */ = {
			isa = PBXGroup;
			children = (
				578F89A01BF2FE1F00A620AD /* Info.plist */,
			);
			name = "Supporting Files";
			sourceTree = "<group>";
		};
		578F89AB1BF2FE1F00A620AD /* BusinessLogicLayerTests */ = {
			isa = PBXGroup;
			children = (
				578F89AE1BF2FE1F00A620AD /* BusinessLogicLayerTests.m */,
				578F89AC1BF2FE1F00A620AD /* Supporting Files */,
			);
			path = BusinessLogicLayerTests;
			sourceTree = "<group>";
		};
		578F89AC1BF2FE1F00A620AD /* Supporting Files */ = {
			isa = PBXGroup;
			children = (
				578F89AD1BF2FE1F00A620AD /* Info.plist */,
			);
			name = "Supporting Files";
			sourceTree = "<group>";
		};
/* End PBXGroup section */

/* Begin PBXHeadersBuildPhase section */
		578F89991BF2FE1F00A620AD /* Headers */ = {
			isa = PBXHeadersBuildPhase;
			buildActionMask = 2147483647;
			files = (
				578F89BA1BF2FE4C00A620AD /* NoteBL.h in Headers */,
			);
			runOnlyForDeploymentPostprocessing = 0;
		};
/* End PBXHeadersBuildPhase section */

/* Begin PBXNativeTarget section */
		578F899B1BF2FE1F00A620AD /* BusinessLogicLayer */ = {
			isa = PBXNativeTarget;
			buildConfigurationList = 578F89B21BF2FE1F00A620AD /* Build configuration list for PBXNativeTarget "BusinessLogicLayer" */;
			buildPhases = (
				578F89971BF2FE1F00A620AD /* Sources */,
				578F89981BF2FE1F00A620AD /* Frameworks */,
				578F89991BF2FE1F00A620AD /* Headers */,
				578F899A1BF2FE1F00A620AD /* Resources */,
			);
			buildRules = (
			);
			dependencies = (
			);
			name = BusinessLogicLayer;
			productName = BusinessLogicLayer;
			productReference = 578F899C1BF2FE1F00A620AD /* BusinessLogicLayer.framework */;
			productType = "com.apple.product-type.framework";
		};
		578F89A61BF2FE1F00A620AD /* BusinessLogicLayerTests */ = {
			isa = PBXNativeTarget;
			buildConfigurationList = 578F89B51BF2FE1F00A620AD /* Build configuration list for PBXNativeTarget "BusinessLogicLayerTests" */;
			buildPhases = (
				578F89A31BF2FE1F00A620AD /* Sources */,
				578F89A41BF2FE1F00A620AD /* Frameworks */,
				578F89A51BF2FE1F00A620AD /* Resources */,
			);
			buildRules = (
			);
			dependencies = (
				578F89AA1BF2FE1F00A620AD /* PBXTargetDependency */,
			);
			name = BusinessLogicLayerTests;
			productName = BusinessLogicLayerTests;
			productReference = 578F89A71BF2FE1F00A620AD /* BusinessLogicLayerTests.xctest */;
			productType = "com.apple.product-type.bundle.unit-test";
		};
/* End PBXNativeTarget section */

/* Begin PBXProject section */
		578F89931BF2FE1F00A620AD /* Project object */ = {
			isa = PBXProject;
			attributes = {
				LastUpgradeCheck = 0630;
				ORGANIZATIONNAME = "关沛东";
				TargetAttributes = {
					578F899B1BF2FE1F00A620AD = {
						CreatedOnToolsVersion = 6.3.2;
					};
					578F89A61BF2FE1F00A620AD = {
						CreatedOnToolsVersion = 6.3.2;
					};
				};
			};
			buildConfigurationList = 578F89961BF2FE1F00A620AD /* Build configuration list for PBXProject "BusinessLogicLayer" */;
			compatibilityVersion = "Xcode 3.2";
			developmentRegion = English;
			hasScannedForEncodings = 0;
			knownRegions = (
				en,
			);
			mainGroup = 578F89921BF2FE1F00A620AD;
			productRefGroup = 578F899D1BF2FE1F00A620AD /* Products */;
			projectDirPath = "";
			projectRoot = "";
			targets = (
				578F899B1BF2FE1F00A620AD /* BusinessLogicLayer */,
				578F89A61BF2FE1F00A620AD /* BusinessLogicLayerTests */,
			);
		};
/* End PBXProject section */

/* Begin PBXResourcesBuildPhase section */
		578F899A1BF2FE1F00A620AD /* Resources */ = {
			isa = PBXResourcesBuildPhase;
			buildActionMask = 2147483647;
			files = (
			);
			runOnlyForDeploymentPostprocessing = 0;
		};
		578F89A51BF2FE1F00A620AD /* Resources */ = {
			isa = PBXResourcesBuildPhase;
			buildActionMask = 2147483647;
			files = (
			);
			runOnlyForDeploymentPostprocessing = 0;
		};
/* End PBXResourcesBuildPhase section */

/* Begin PBXSourcesBuildPhase section */
		578F89971BF2FE1F00A620AD /* Sources */ = {
			isa = PBXSourcesBuildPhase;
			buildActionMask = 2147483647;
			files = (
				578F89BB1BF2FE4C00A620AD /* NoteBL.m in Sources */,
			);
			runOnlyForDeploymentPostprocessing = 0;
		};
		578F89A31BF2FE1F00A620AD /* Sources */ = {
			isa = PBXSourcesBuildPhase;
			buildActionMask = 2147483647;
			files = (
				578F89AF1BF2FE1F00A620AD /* BusinessLogicLayerTests.m in Sources */,
			);
			runOnlyForDeploymentPostprocessing = 0;
		};
/* End PBXSourcesBuildPhase section */

/* Begin PBXTargetDependency section */
		578F89AA1BF2FE1F00A620AD /* PBXTargetDependency */ = {
			isa = PBXTargetDependency;
			target = 578F899B1BF2FE1F00A620AD /* BusinessLogicLayer */;
			targetProxy = 578F89A91BF2FE1F00A620AD /* PBXContainerItemProxy */;
		};
/* End PBXTargetDependency section */

/* Begin XCBuildConfiguration section */
		578F89B01BF2FE1F00A620AD /* Debug */ = {
			isa = XCBuildConfiguration;
			buildSettings = {
				ALWAYS_SEARCH_USER_PATHS = NO;
				CLANG_CXX_LANGUAGE_STANDARD = "gnu++0x";
				CLANG_CXX_LIBRARY = "libc++";
				CLANG_ENABLE_MODULES = YES;
				CLANG_ENABLE_OBJC_ARC = YES;
				CLANG_WARN_BOOL_CONVERSION = YES;
				CLANG_WARN_CONSTANT_CONVERSION = YES;
				CLANG_WARN_DIRECT_OBJC_ISA_USAGE = YES_ERROR;
				CLANG_WARN_EMPTY_BODY = YES;
				CLANG_WARN_ENUM_CONVERSION = YES;
				CLANG_WARN_INT_CONVERSION = YES;
				CLANG_WARN_OBJC_ROOT_CLASS = YES_ERROR;
				CLANG_WARN_UNREACHABLE_CODE = YES;
				CLANG_WARN__DUPLICATE_METHOD_MATCH = YES;
				"CODE_SIGN_IDENTITY[sdk=iphoneos*]" = "iPhone Developer";
				COPY_PHASE_STRIP = NO;
				CURRENT_PROJECT_VERSION = 1;
				DEBUG_INFORMATION_FORMAT = "dwarf-with-dsym";
				ENABLE_STRICT_OBJC_MSGSEND = YES;
				GCC_C_LANGUAGE_STANDARD = gnu99;
				GCC_DYNAMIC_NO_PIC = NO;
				GCC_NO_COMMON_BLOCKS = YES;
				GCC_OPTIMIZATION_LEVEL = 0;
				GCC_PREPROCESSOR_DEFINITIONS = (
					"DEBUG=1",
					"$(inherited)",
				);
				GCC_SYMBOLS_PRIVATE_EXTERN = NO;
				GCC_WARN_64_TO_32_BIT_CONVERSION = YES;
				GCC_WARN_ABOUT_RETURN_TYPE = YES_ERROR;
				GCC_WARN_UNDECLARED_SELECTOR = YES;
				GCC_WARN_UNINITIALIZED_AUTOS = YES_AGGRESSIVE;
				GCC_WARN_UNUSED_FUNCTION = YES;
				GCC_WARN_UNUSED_VARIABLE = YES;
				IPHONEOS_DEPLOYMENT_TARGET = 8.3;
				MTL_ENABLE_DEBUG_INFO = YES;
				ONLY_ACTIVE_ARCH = YES;
				SDKROOT = iphoneos;
				TARGETED_DEVICE_FAMILY = "1,2";
				VERSIONING_SYSTEM = "apple-generic";
				VERSION_INFO_PREFIX = "";
			};
			name = Debug;
		};
		578F89B11BF2FE1F00A620AD /* Release */ = {
			isa = XCBuildConfiguration;
			buildSettings = {
				ALWAYS_SEARCH_USER_PATHS = NO;
				CLANG_CXX_LANGUAGE_STANDARD = "gnu++0x";
				CLANG_CXX_LIBRARY = "libc++";
				CLANG_ENABLE_MODULES = YES;
				CLANG_ENABLE_OBJC_ARC = YES;
				CLANG_WARN_BOOL_CONVERSION = YES;
				CLANG_WARN_CONSTANT_CONVERSION = YES;
				CLANG_WARN_DIRECT_OBJC_ISA_USAGE = YES_ERROR;
				CLANG_WARN_EMPTY_BODY = YES;
				CLANG_WARN_ENUM_CONVERSION = YES;
				CLANG_WARN_INT_CONVERSION = YES;
				CLANG_WARN_OBJC_ROOT_CLASS = YES_ERROR;
				CLANG_WARN_UNREACHABLE_CODE = YES;
				CLANG_WARN__DUPLICATE_METHOD_MATCH = YES;
				"CODE_SIGN_IDENTITY[sdk=iphoneos*]" = "iPhone Developer";
				COPY_PHASE_STRIP = NO;
				CURRENT_PROJECT_VERSION = 1;
				DEBUG_INFORMATION_FORMAT = "dwarf-with-dsym";
				ENABLE_NS_ASSERTIONS = NO;
				ENABLE_STRICT_OBJC_MSGSEND = YES;
				GCC_C_LANGUAGE_STANDARD = gnu99;
				GCC_NO_COMMON_BLOCKS = YES;
				GCC_WARN_64_TO_32_BIT_CONVERSION = YES;
				GCC_WARN_ABOUT_RETURN_TYPE = YES_ERROR;
				GCC_WARN_UNDECLARED_SELECTOR = YES;
				GCC_WARN_UNINITIALIZED_AUTOS = YES_AGGRESSIVE;
				GCC_WARN_UNUSED_FUNCTION = YES;
				GCC_WARN_UNUSED_VARIABLE = YES;
				IPHONEOS_DEPLOYMENT_TARGET = 8.3;
				MTL_ENABLE_DEBUG_INFO = NO;
				SDKROOT = iphoneos;
				TARGETED_DEVICE_FAMILY = "1,2";
				VALIDATE_PRODUCT = YES;
				VERSIONING_SYSTEM = "apple-generic";
				VERSION_INFO_PREFIX = "";
			};
			name = Release;
		};
		578F89B31BF2FE1F00A620AD /* Debug */ = {
			isa = XCBuildConfiguration;
			buildSettings = {
				DEFINES_MODULE = YES;
				DYLIB_COMPATIBILITY_VERSION = 1;
				DYLIB_CURRENT_VERSION = 1;
				DYLIB_INSTALL_NAME_BASE = "@rpath";
				FRAMEWORK_SEARCH_PATHS = (
					"$(inherited)",
					"/Users/guanpeidong/Documents/PersistenceLayer/build/Debug-iphoneos",
				);
				INFOPLIST_FILE = BusinessLogicLayer/Info.plist;
				INSTALL_PATH = "$(LOCAL_LIBRARY_DIR)/Frameworks";
				LD_RUNPATH_SEARCH_PATHS = "$(inherited) @executable_path/Frameworks @loader_path/Frameworks";
				PRODUCT_NAME = "$(TARGET_NAME)";
				SKIP_INSTALL = YES;
			};
			name = Debug;
		};
		578F89B41BF2FE1F00A620AD /* Release */ = {
			isa = XCBuildConfiguration;
			buildSettings = {
				DEFINES_MODULE = YES;
				DYLIB_COMPATIBILITY_VERSION = 1;
				DYLIB_CURRENT_VERSION = 1;
				DYLIB_INSTALL_NAME_BASE = "@rpath";
				FRAMEWORK_SEARCH_PATHS = (
					"$(inherited)",
					"/Users/guanpeidong/Documents/PersistenceLayer/build/Debug-iphoneos",
				);
				INFOPLIST_FILE = BusinessLogicLayer/Info.plist;
				INSTALL_PATH = "$(LOCAL_LIBRARY_DIR)/Frameworks";
				LD_RUNPATH_SEARCH_PATHS = "$(inherited) @executable_path/Frameworks @loader_path/Frameworks";
				PRODUCT_NAME = "$(TARGET_NAME)";
				SKIP_INSTALL = YES;
			};
			name = Release;
		};
		578F89B61BF2FE1F00A620AD /* Debug */ = {
			isa = XCBuildConfiguration;
			buildSettings = {
				FRAMEWORK_SEARCH_PATHS = (
					"$(SDKROOT)/Developer/Library/Frameworks",
					"$(inherited)",
				);
				GCC_PREPROCESSOR_DEFINITIONS = (
					"DEBUG=1",
					"$(inherited)",
				);
				INFOPLIST_FILE = BusinessLogicLayerTests/Info.plist;
				LD_RUNPATH_SEARCH_PATHS = "$(inherited) @executable_path/Frameworks @loader_path/Frameworks";
				PRODUCT_NAME = "$(TARGET_NAME)";
			};
			name = Debug;
		};
		578F89B71BF2FE1F00A620AD /* Release */ = {
			isa = XCBuildConfiguration;
			buildSettings = {
				FRAMEWORK_SEARCH_PATHS = (
					"$(SDKROOT)/Developer/Library/Frameworks",
					"$(inherited)",
				);
				INFOPLIST_FILE = BusinessLogicLayerTests/Info.plist;
				LD_RUNPATH_SEARCH_PATHS = "$(inherited) @executable_path/Frameworks @loader_path/Frameworks";
				PRODUCT_NAME = "$(TARGET_NAME)";
			};
			name = Release;
		};
/* End XCBuildConfiguration section */

/* Begin XCConfigurationList section */
		578F89961BF2FE1F00A620AD /* Build configuration list for PBXProject "BusinessLogicLayer" */ = {
			isa = XCConfigurationList;
			buildConfigurations = (
				578F89B01BF2FE1F00A620AD /* Debug */,
				578F89B11BF2FE1F00A620AD /* Release */,
			);
			defaultConfigurationIsVisible = 0;
			defaultConfigurationName = Release;
		};
		578F89B21BF2FE1F00A620AD /* Build configuration list for PBXNativeTarget "BusinessLogicLayer" */ = {
			isa = XCConfigurationList;
			buildConfigurations = (
				578F89B31BF2FE1F00A620AD /* Debug */,
				578F89B41BF2FE1F00A620AD /* Release */,
			);
			defaultConfigurationIsVisible = 0;
		};
		578F89B51BF2FE1F00A620AD /* Build configuration list for PBXNativeTarget "BusinessLogicLayerTests" */ = {
			isa = XCConfigurationList;
			buildConfigurations = (
				578F89B61BF2FE1F00A620AD /* Debug */,
				578F89B71BF2FE1F00A620AD /* Release */,
			);
			defaultConfigurationIsVisible = 0;
		};
/* End XCConfigurationList section */
	};
	rootObject = 578F89931BF2FE1F00A620AD /* Project object */;
}
